
Microsoft Visual Studio Solution File, Format Version 12.00
# Visual Studio Version 16
VisualStudioVersion = 16.0.29709.97
MinimumVisualStudioVersion = 10.0.40219.1
Project("{9A19103F-16F7-4668-BE54-9A1E7A4F7556}") = "Genpad.Engine", "Genpad.Engine\Genpad.Engine.csproj", "{3DF49FE8-FCE2-42A8-996F-70FF50173BF1}"
EndProject
Project("{9A19103F-16F7-4668-BE54-9A1E7A4F7556}") = "Genpad.Tests", "Genpad.Tests\Genpad.Tests.csproj", "{E598B6DC-E417-4DD9-BABF-15BC3DE94A0B}"
EndProject
Project("{9A19103F-16F7-4668-BE54-9A1E7A4F7556}") = "Genpad.Data", "Genpad.Data\Genpad.Data.csproj", "{57B0D7E5-A55B-45A1-AFC3-D730CC256A78}"
EndProject
Project("{9A19103F-16F7-4668-BE54-9A1E7A4F7556}") = "Genpad.Services", "Genpad.Services\Genpad.Services.csproj", "{0DB1CF83-AB13-4530-A758-75DA4F1127D9}"
EndProject
Project("{9A19103F-16F7-4668-BE54-9A1E7A4F7556}") = "Genpad.API", "Genpad.API\Genpad.API.csproj", "{785E2F4B-206D-48A1-B7F9-A9C2D5C2E954}"
EndProject
Project("{FAE04EC0-301F-11D3-BF4B-00C04F79EFBC}") = "Genpad.VueUI", "Genpad.VueUI\Genpad.VueUI.csproj", "{443524BC-536E-4F72-97B9-B56619070AD4}"
EndProject
Global
	GlobalSection(SolutionConfigurationPlatforms) = preSolution
		Debug|Any CPU = Debug|Any CPU
		Release|Any CPU = Release|Any CPU
	EndGlobalSection
	GlobalSection(ProjectConfigurationPlatforms) = postSolution
		{3DF49FE8-FCE2-42A8-996F-70FF50173BF1}.Debug|Any CPU.ActiveCfg = Debug|Any CPU
		{3DF49FE8-FCE2-42A8-996F-70FF50173BF1}.Debug|Any CPU.Build.0 = Debug|Any CPU
		{3DF49FE8-FCE2-42A8-996F-70FF50173BF1}.Release|Any CPU.ActiveCfg = Release|Any CPU
		{3DF49FE8-FCE2-42A8-996F-70FF50173BF1}.Release|Any CPU.Build.0 = Release|Any CPU
		{E598B6DC-E417-4DD9-BABF-15BC3DE94A0B}.Debug|Any CPU.ActiveCfg = Debug|Any CPU
		{E598B6DC-E417-4DD9-BABF-15BC3DE94A0B}.Debug|Any CPU.Build.0 = Debug|Any CPU
		{E598B6DC-E417-4DD9-BABF-15BC3DE94A0B}.Release|Any CPU.ActiveCfg = Release|Any CPU
		{E598B6DC-E417-4DD9-BABF-15BC3DE94A0B}.Release|Any CPU.Build.0 = Release|Any CPU
		{57B0D7E5-A55B-45A1-AFC3-D730CC256A78}.Debug|Any CPU.ActiveCfg = Debug|Any CPU
		{57B0D7E5-A55B-45A1-AFC3-D730CC256A78}.Debug|Any CPU.Build.0 = Debug|Any CPU
		{57B0D7E5-A55B-45A1-AFC3-D730CC256A78}.Release|Any CPU.ActiveCfg = Release|Any CPU
		{57B0D7E5-A55B-45A1-AFC3-D730CC256A78}.Release|Any CPU.Build.0 = Release|Any CPU
		{0DB1CF83-AB13-4530-A758-75DA4F1127D9}.Debug|Any CPU.ActiveCfg = Debug|Any CPU
		{0DB1CF83-AB13-4530-A758-75DA4F1127D9}.Debug|Any CPU.Build.0 = Debug|Any CPU
		{0DB1CF83-AB13-4530-A758-75DA4F1127D9}.Release|Any CPU.ActiveCfg = Release|Any CPU
		{0DB1CF83-AB13-4530-A758-75DA4F1127D9}.Release|Any CPU.Build.0 = Release|Any CPU
		{785E2F4B-206D-48A1-B7F9-A9C2D5C2E954}.Debug|Any CPU.ActiveCfg = Debug|Any CPU
		{785E2F4B-206D-48A1-B7F9-A9C2D5C2E954}.Debug|Any CPU.Build.0 = Debug|Any CPU
		{785E2F4B-206D-48A1-B7F9-A9C2D5C2E954}.Release|Any CPU.ActiveCfg = Release|Any CPU
		{785E2F4B-206D-48A1-B7F9-A9C2D5C2E954}.Release|Any CPU.Build.0 = Release|Any CPU
		{443524BC-536E-4F72-97B9-B56619070AD4}.Debug|Any CPU.ActiveCfg = Debug|Any CPU
		{443524BC-536E-4F72-97B9-B56619070AD4}.Debug|Any CPU.Build.0 = Debug|Any CPU
		{443524BC-536E-4F72-97B9-B56619070AD4}.Release|Any CPU.ActiveCfg = Release|Any CPU
		{443524BC-536E-4F72-97B9-B56619070AD4}.Release|Any CPU.Build.0 = Release|Any CPU
	EndGlobalSection
	GlobalSection(SolutionProperties) = preSolution
		HideSolutionNode = FALSE
	EndGlobalSection
	GlobalSection(ExtensibilityGlobals) = postSolution
		SolutionGuid = {A1C95E3F-EF55-4B58-9B59-B252959A6609}
	EndGlobalSection
EndGlobal
